
Microsoft Visual Studio Solution File, Format Version 12.00
# Visual Studio 15
VisualStudioVersion = 15.0.28307.136
MinimumVisualStudioVersion = 10.0.40219.1
Project("{FAE04EC0-301F-11D3-BF4B-00C04F79EFBC}") = "ConsoleApp7", "ConsoleApp7\ConsoleApp7.csproj", "{314D4225-40E7-4370-8E5B-D5F4B933239B}"
EndProject
Global
	GlobalSection(SolutionConfigurationPlatforms) = preSolution
		Debug|Any CPU = Debug|Any CPU
		Release|Any CPU = Release|Any CPU
	EndGlobalSection
	GlobalSection(ProjectConfigurationPlatforms) = postSolution
		{314D4225-40E7-4370-8E5B-D5F4B933239B}.Debug|Any CPU.ActiveCfg = Debug|Any CPU
		{314D4225-40E7-4370-8E5B-D5F4B933239B}.Debug|Any CPU.Build.0 = Debug|Any CPU
		{314D4225-40E7-4370-8E5B-D5F4B933239B}.Release|Any CPU.ActiveCfg = Release|Any CPU
		{314D4225-40E7-4370-8E5B-D5F4B933239B}.Release|Any CPU.Build.0 = Release|Any CPU
	EndGlobalSection
	GlobalSection(SolutionProperties) = preSolution
		HideSolutionNode = FALSE
	EndGlobalSection
	GlobalSection(ExtensibilityGlobals) = postSolution
		SolutionGuid = {64765014-4687-440A-907A-E2DAC859F19D}
	EndGlobalSection
EndGlobal
